
Microsoft Visual Studio Solution File, Format Version 12.00
# Visual Studio Version 17
VisualStudioVersion = 17.0.32002.185
MinimumVisualStudioVersion = 10.0.40219.1
Project("{9A19103F-16F7-4668-BE54-9A1E7A4F7556}") = "CMED-WEB", "CMED-WEB\CMED-WEB.csproj", "{5FC7C38D-E9FD-49D5-A04C-C2B57B3BD48D}"
EndProject
Project("{9A19103F-16F7-4668-BE54-9A1E7A4F7556}") = "CMED-DataAcessLayer", "CMED-DataAcessLayer\CMED-DataAcessLayer.csproj", "{492B0F45-C8FD-447C-B06C-60F048914DBF}"
EndProject
Project("{9A19103F-16F7-4668-BE54-9A1E7A4F7556}") = "CMED-BusinessLayer", "CMED-BusinessLayer\CMED-BusinessLayer.csproj", "{C052A821-0914-49F8-9992-E074EA85BA8B}"
EndProject
Project("{FAE04EC0-301F-11D3-BF4B-00C04F79EFBC}") = "CMED-API", "CMED-API\CMED-API.csproj", "{A66BED49-C0C7-4645-B7A2-089FE52A40F9}"
EndProject
Global
	GlobalSection(SolutionConfigurationPlatforms) = preSolution
		Debug|Any CPU = Debug|Any CPU
		Release|Any CPU = Release|Any CPU
	EndGlobalSection
	GlobalSection(ProjectConfigurationPlatforms) = postSolution
		{5FC7C38D-E9FD-49D5-A04C-C2B57B3BD48D}.Debug|Any CPU.ActiveCfg = Debug|Any CPU
		{5FC7C38D-E9FD-49D5-A04C-C2B57B3BD48D}.Debug|Any CPU.Build.0 = Debug|Any CPU
		{5FC7C38D-E9FD-49D5-A04C-C2B57B3BD48D}.Release|Any CPU.ActiveCfg = Release|Any CPU
		{5FC7C38D-E9FD-49D5-A04C-C2B57B3BD48D}.Release|Any CPU.Build.0 = Release|Any CPU
		{492B0F45-C8FD-447C-B06C-60F048914DBF}.Debug|Any CPU.ActiveCfg = Debug|Any CPU
		{492B0F45-C8FD-447C-B06C-60F048914DBF}.Debug|Any CPU.Build.0 = Debug|Any CPU
		{492B0F45-C8FD-447C-B06C-60F048914DBF}.Release|Any CPU.ActiveCfg = Release|Any CPU
		{492B0F45-C8FD-447C-B06C-60F048914DBF}.Release|Any CPU.Build.0 = Release|Any CPU
		{C052A821-0914-49F8-9992-E074EA85BA8B}.Debug|Any CPU.ActiveCfg = Debug|Any CPU
		{C052A821-0914-49F8-9992-E074EA85BA8B}.Debug|Any CPU.Build.0 = Debug|Any CPU
		{C052A821-0914-49F8-9992-E074EA85BA8B}.Release|Any CPU.ActiveCfg = Release|Any CPU
		{C052A821-0914-49F8-9992-E074EA85BA8B}.Release|Any CPU.Build.0 = Release|Any CPU
		{A66BED49-C0C7-4645-B7A2-089FE52A40F9}.Debug|Any CPU.ActiveCfg = Debug|Any CPU
		{A66BED49-C0C7-4645-B7A2-089FE52A40F9}.Debug|Any CPU.Build.0 = Debug|Any CPU
		{A66BED49-C0C7-4645-B7A2-089FE52A40F9}.Release|Any CPU.ActiveCfg = Release|Any CPU
		{A66BED49-C0C7-4645-B7A2-089FE52A40F9}.Release|Any CPU.Build.0 = Release|Any CPU
	EndGlobalSection
	GlobalSection(SolutionProperties) = preSolution
		HideSolutionNode = FALSE
	EndGlobalSection
	GlobalSection(ExtensibilityGlobals) = postSolution
		SolutionGuid = {F09A0861-779D-4001-B7BC-CBE971F3A0B4}
	EndGlobalSection
EndGlobal
